<?xml version="1.0" encoding="utf-8"?>
<Project ToolsVersion="4.0" xmlns="http://schemas.microsoft.com/developer/msbuild/2003">
  <ItemGroup>
    <ClCompile Include="main.cpp">
      <Filter>Source Files</Filter>
    </ClCompile>
    <ClCompile Include="QAbout.cpp">
      <Filter>Source Files</Filter>
    </ClCompile>
    <ClCompile Include="QUpdateCheck.cpp">
      <Filter>Source Files</Filter>
    </ClCompile>
    <ClCompile Include="ImageList.cpp">
      <Filter>Source Files</Filter>
    </ClCompile>
    <ClCompile Include="SAOMDListImage.cpp">
      <Filter>Source Files</Filter>
    </ClCompile>
    <ClCompile Include="CScaleControlView.cpp">
      <Filter>Source Files</Filter>
    </ClCompile>
    <ClCompile Include="QAutoMode.cpp">
      <Filter>Source Files</Filter>
    </ClCompile>
  </ItemGroup>
  <ItemGroup>
    <QtMoc Include="SAOMDListImage.h">
      <Filter>Header Files</Filter>
    </QtMoc>
    <QtMoc Include="QAbout.h">
      <Filter>Header Files</Filter>
    </QtMoc>
    <QtMoc Include="QUpdateCheck.h">
      <Filter>Header Files</Filter>
    </QtMoc>
    <QtMoc Include="CScaleControlView.h">
      <Filter>Header Files</Filter>
    </QtMoc>
    <QtMoc Include="QAutoMode.h">
      <Filter>Header Files</Filter>
    </QtMoc>
  </ItemGroup>
  <ItemGroup>
    <QtRcc Include="SAOMDListImage.qrc" />
  </ItemGroup>
  <ItemGroup>
    <QtUic Include="SAOMDListImage.ui">
      <Filter>Form Files</Filter>
    </QtUic>
    <QtUic Include="QAbout.ui">
      <Filter>Form Files</Filter>
    </QtUic>
    <QtUic Include="QUpdateCheck.ui">
      <Filter>Form Files</Filter>
    </QtUic>
    <QtUic Include="QAutoMode.ui">
      <Filter>Form Files</Filter>
    </QtUic>
  </ItemGroup>
  <ItemGroup>
    <Filter Include="Header Files">
      <UniqueIdentifier>{93995380-89BD-4b04-88EB-625FBE52EBFB}</UniqueIdentifier>
      <Extensions>h;hh;hpp;hxx;hm;inl;inc;xsd</Extensions>
      <ParseFiles>true</ParseFiles>
    </Filter>
    <Filter Include="Source Files">
      <UniqueIdentifier>{4FC737F1-C7A5-4376-A066-2A32D752A2FF}</UniqueIdentifier>
      <Extensions>cpp;c;cc;cxx;def;odl;idl;hpj;bat;asm;asmx</Extensions>
      <ParseFiles>true</ParseFiles>
    </Filter>
    <Filter Include="Form Files">
      <UniqueIdentifier>{99349809-55BA-4b9d-BF79-8FDBB0286EB3}</UniqueIdentifier>
      <Extensions>ui</Extensions>
      <ParseFiles>true</ParseFiles>
    </Filter>
    <Filter Include="Translation Files">
      <UniqueIdentifier>{639EADAA-A684-42e4-A9AD-28FC9BCB8F7C}</UniqueIdentifier>
      <Extensions>ts</Extensions>
      <ParseFiles>false</ParseFiles>
    </Filter>
  </ItemGroup>
  <ItemGroup>
    <ResourceCompile Include="SAOMDListImage.rc" />
  </ItemGroup>
  <ItemGroup>
    <None Include="README.md" />
    <None Include="CHANGELOG.md" />
  </ItemGroup>
  <ItemGroup>
    <ClInclude Include="Define.h">
      <Filter>Header Files</Filter>
    </ClInclude>
    <ClInclude Include="ImageList.h">
      <Filter>Header Files</Filter>
    </ClInclude>
    <ClInclude Include="QAdbController.h">
      <Filter>Header Files</Filter>
    </ClInclude>
  </ItemGroup>
  <ItemGroup>
    <QtTranslation Include="saomd-listimage_zh_TW.ts">
      <Filter>Translation Files</Filter>
    </QtTranslation>
  </ItemGroup>
</Project>